
Microsoft Visual Studio Solution File, Format Version 12.00
# Visual Studio Version 17
VisualStudioVersion = 17.9.34723.18
MinimumVisualStudioVersion = 10.0.40219.1
Project("{FAE04EC0-301F-11D3-BF4B-00C04F79EFBC}") = "CoreAPISample", "CoreAPISample\CoreAPISample.csproj", "{63437D7C-2628-4ADD-8DB6-A3DFCB41D266}"
EndProject
Global
	GlobalSection(SolutionConfigurationPlatforms) = preSolution
		Debug|Any CPU = Debug|Any CPU
		Release|Any CPU = Release|Any CPU
	EndGlobalSection
	GlobalSection(ProjectConfigurationPlatforms) = postSolution
		{63437D7C-2628-4ADD-8DB6-A3DFCB41D266}.Debug|Any CPU.ActiveCfg = Debug|Any CPU
		{63437D7C-2628-4ADD-8DB6-A3DFCB41D266}.Debug|Any CPU.Build.0 = Debug|Any CPU
		{63437D7C-2628-4ADD-8DB6-A3DFCB41D266}.Release|Any CPU.ActiveCfg = Release|Any CPU
		{63437D7C-2628-4ADD-8DB6-A3DFCB41D266}.Release|Any CPU.Build.0 = Release|Any CPU
	EndGlobalSection
	GlobalSection(SolutionProperties) = preSolution
		HideSolutionNode = FALSE
	EndGlobalSection
	GlobalSection(ExtensibilityGlobals) = postSolution
		SolutionGuid = {F736CA7B-9EB8-454E-B43C-4FF8E472474F}
	EndGlobalSection
EndGlobal
